
Microsoft Visual Studio Solution File, Format Version 12.00
# Visual Studio Version 17
VisualStudioVersion = 17.2.32630.192
MinimumVisualStudioVersion = 10.0.40219.1
Project("{FAE04EC0-301F-11D3-BF4B-00C04F79EFBC}") = "AtemTest", "AtemTest\AtemTest.csproj", "{82AE8910-2495-48C0-8449-A0AF254AABDA}"
EndProject
Global
	GlobalSection(SolutionConfigurationPlatforms) = preSolution
		Debug|Any CPU = Debug|Any CPU
		Release|Any CPU = Release|Any CPU
	EndGlobalSection
	GlobalSection(ProjectConfigurationPlatforms) = postSolution
		{82AE8910-2495-48C0-8449-A0AF254AABDA}.Debug|Any CPU.ActiveCfg = Debug|Any CPU
		{82AE8910-2495-48C0-8449-A0AF254AABDA}.Debug|Any CPU.Build.0 = Debug|Any CPU
		{82AE8910-2495-48C0-8449-A0AF254AABDA}.Release|Any CPU.ActiveCfg = Release|Any CPU
		{82AE8910-2495-48C0-8449-A0AF254AABDA}.Release|Any CPU.Build.0 = Release|Any CPU
	EndGlobalSection
	GlobalSection(SolutionProperties) = preSolution
		HideSolutionNode = FALSE
	EndGlobalSection
	GlobalSection(ExtensibilityGlobals) = postSolution
		SolutionGuid = {393AA22C-904B-4C75-A10C-6E3F158E187E}
	EndGlobalSection
EndGlobal
